// !$*UTF8*$!
{
	archiveVersion = 1;
	classes = {
	};
	objectVersion = 50;
	objects = {

/* Begin PBXBuildFile section */
		AC7F066B2631682A009693C4 /* CardView.swift in Sources */ = {isa = PBXBuildFile; fileRef = AC7F066A2631682A009693C4 /* CardView.swift */; };
		AC7F066E26316C94009693C4 /* NavigationView.swift in Sources */ = {isa = PBXBuildFile; fileRef = AC7F066D26316C94009693C4 /* NavigationView.swift */; };
		AC7F067126317987009693C4 /* BottomCardView.swift in Sources */ = {isa = PBXBuildFile; fileRef = AC7F067026317987009693C4 /* BottomCardView.swift */; };
		AC7F06752631BD34009693C4 /* MenuView.swift in Sources */ = {isa = PBXBuildFile; fileRef = AC7F06742631BD34009693C4 /* MenuView.swift */; };
		AC7F06792631BE28009693C4 /* MenuRow.swift in Sources */ = {isa = PBXBuildFile; fileRef = AC7F06782631BE28009693C4 /* MenuRow.swift */; };
		AC7F067D2631C8F5009693C4 /* HomeView.swift in Sources */ = {isa = PBXBuildFile; fileRef = AC7F067C2631C8F5009693C4 /* HomeView.swift */; };
		AC7F06832631D490009693C4 /* AvatarView.swift in Sources */ = {isa = PBXBuildFile; fileRef = AC7F06822631D490009693C4 /* AvatarView.swift */; };
		ACF5E53F263024F600DAE0A9 /* Design_SwiftUIApp.swift in Sources */ = {isa = PBXBuildFile; fileRef = ACF5E53E263024F600DAE0A9 /* Design_SwiftUIApp.swift */; };
		ACF5E541263024F600DAE0A9 /* ContentView.swift in Sources */ = {isa = PBXBuildFile; fileRef = ACF5E540263024F600DAE0A9 /* ContentView.swift */; };
		ACF5E546263024F800DAE0A9 /* Preview Assets.xcassets in Resources */ = {isa = PBXBuildFile; fileRef = ACF5E545263024F800DAE0A9 /* Preview Assets.xcassets */; };
		ACF5E5502630251600DAE0A9 /* Assets.xcassets in Resources */ = {isa = PBXBuildFile; fileRef = ACF5E54F2630251600DAE0A9 /* Assets.xcassets */; };
/* End PBXBuildFile section */

/* Begin PBXFileReference section */
		AC7F066A2631682A009693C4 /* CardView.swift */ = {isa = PBXFileReference; lastKnownFileType = sourcecode.swift; path = CardView.swift; sourceTree = "<group>"; };
		AC7F066D26316C94009693C4 /* NavigationView.swift */ = {isa = PBXFileReference; lastKnownFileType = sourcecode.swift; path = NavigationView.swift; sourceTree = "<group>"; };
		AC7F067026317987009693C4 /* BottomCardView.swift */ = {isa = PBXFileReference; lastKnownFileType = sourcecode.swift; path = BottomCardView.swift; sourceTree = "<group>"; };
		AC7F06742631BD34009693C4 /* MenuView.swift */ = {isa = PBXFileReference; lastKnownFileType = sourcecode.swift; path = MenuView.swift; sourceTree = "<group>"; };
		AC7F06782631BE28009693C4 /* MenuRow.swift */ = {isa = PBXFileReference; lastKnownFileType = sourcecode.swift; path = MenuRow.swift; sourceTree = "<group>"; };
		AC7F067C2631C8F5009693C4 /* HomeView.swift */ = {isa = PBXFileReference; lastKnownFileType = sourcecode.swift; path = HomeView.swift; sourceTree = "<group>"; };
		AC7F06822631D490009693C4 /* AvatarView.swift */ = {isa = PBXFileReference; lastKnownFileType = sourcecode.swift; path = AvatarView.swift; sourceTree = "<group>"; };
		ACF5E53B263024F600DAE0A9 /* Design-SwiftUI.app */ = {isa = PBXFileReference; explicitFileType = wrapper.application; includeInIndex = 0; path = "Design-SwiftUI.app"; sourceTree = BUILT_PRODUCTS_DIR; };
		ACF5E53E263024F600DAE0A9 /* Design_SwiftUIApp.swift */ = {isa = PBXFileReference; lastKnownFileType = sourcecode.swift; path = Design_SwiftUIApp.swift; sourceTree = "<group>"; };
		ACF5E540263024F600DAE0A9 /* ContentView.swift */ = {isa = PBXFileReference; lastKnownFileType = sourcecode.swift; path = ContentView.swift; sourceTree = "<group>"; };
		ACF5E545263024F800DAE0A9 /* Preview Assets.xcassets */ = {isa = PBXFileReference; lastKnownFileType = folder.assetcatalog; path = "Preview Assets.xcassets"; sourceTree = "<group>"; };
		ACF5E547263024F800DAE0A9 /* Info.plist */ = {isa = PBXFileReference; lastKnownFileType = text.plist.xml; path = Info.plist; sourceTree = "<group>"; };
		ACF5E54F2630251600DAE0A9 /* Assets.xcassets */ = {isa = PBXFileReference; lastKnownFileType = folder.assetcatalog; path = Assets.xcassets; sourceTree = "<group>"; };
/* End PBXFileReference section */

/* Begin PBXFrameworksBuildPhase section */
		ACF5E538263024F600DAE0A9 /* Frameworks */ = {
			isa = PBXFrameworksBuildPhase;
			buildActionMask = 2147483647;
			files = (
			);
			runOnlyForDeploymentPostprocessing = 0;
		};
/* End PBXFrameworksBuildPhase section */

/* Begin PBXGroup section */
		AC7F066826316816009693C4 /* Views */ = {
			isa = PBXGroup;
			children = (
				AC7F06802631D480009693C4 /* Home */,
				AC7F06772631BE1D009693C4 /* Menu */,
				AC7F067026317987009693C4 /* BottomCardView.swift */,
				AC7F066A2631682A009693C4 /* CardView.swift */,
				ACF5E540263024F600DAE0A9 /* ContentView.swift */,
				AC7F066D26316C94009693C4 /* NavigationView.swift */,
			);
			path = Views;
			sourceTree = "<group>";
		};
		AC7F06772631BE1D009693C4 /* Menu */ = {
			isa = PBXGroup;
			children = (
				AC7F06742631BD34009693C4 /* MenuView.swift */,
				AC7F06782631BE28009693C4 /* MenuRow.swift */,
			);
			path = Menu;
			sourceTree = "<group>";
		};
		AC7F06802631D480009693C4 /* Home */ = {
			isa = PBXGroup;
			children = (
				AC7F067C2631C8F5009693C4 /* HomeView.swift */,
				AC7F06822631D490009693C4 /* AvatarView.swift */,
			);
			path = Home;
			sourceTree = "<group>";
		};
		ACF5E532263024F600DAE0A9 = {
			isa = PBXGroup;
			children = (
				ACF5E53D263024F600DAE0A9 /* Design-SwiftUI */,
				ACF5E53C263024F600DAE0A9 /* Products */,
			);
			sourceTree = "<group>";
		};
		ACF5E53C263024F600DAE0A9 /* Products */ = {
			isa = PBXGroup;
			children = (
				ACF5E53B263024F600DAE0A9 /* Design-SwiftUI.app */,
			);
			name = Products;
			sourceTree = "<group>";
		};
		ACF5E53D263024F600DAE0A9 /* Design-SwiftUI */ = {
			isa = PBXGroup;
			children = (
				ACF5E53E263024F600DAE0A9 /* Design_SwiftUIApp.swift */,
				AC7F066826316816009693C4 /* Views */,
				ACF5E54F2630251600DAE0A9 /* Assets.xcassets */,
				ACF5E547263024F800DAE0A9 /* Info.plist */,
				ACF5E544263024F800DAE0A9 /* Preview Content */,
			);
			path = "Design-SwiftUI";
			sourceTree = "<group>";
		};
		ACF5E544263024F800DAE0A9 /* Preview Content */ = {
			isa = PBXGroup;
			children = (
				ACF5E545263024F800DAE0A9 /* Preview Assets.xcassets */,
			);
			path = "Preview Content";
			sourceTree = "<group>";
		};
/* End PBXGroup section */

/* Begin PBXNativeTarget section */
		ACF5E53A263024F600DAE0A9 /* Design-SwiftUI */ = {
			isa = PBXNativeTarget;
			buildConfigurationList = ACF5E54A263024F800DAE0A9 /* Build configuration list for PBXNativeTarget "Design-SwiftUI" */;
			buildPhases = (
				ACF5E537263024F600DAE0A9 /* Sources */,
				ACF5E538263024F600DAE0A9 /* Frameworks */,
				ACF5E539263024F600DAE0A9 /* Resources */,
			);
			buildRules = (
			);
			dependencies = (
			);
			name = "Design-SwiftUI";
			productName = "Design-SwiftUI";
			productReference = ACF5E53B263024F600DAE0A9 /* Design-SwiftUI.app */;
			productType = "com.apple.product-type.application";
		};
/* End PBXNativeTarget section */

/* Begin PBXProject section */
		ACF5E533263024F600DAE0A9 /* Project object */ = {
			isa = PBXProject;
			attributes = {
				LastSwiftUpdateCheck = 1240;
				LastUpgradeCheck = 1240;
				TargetAttributes = {
					ACF5E53A263024F600DAE0A9 = {
						CreatedOnToolsVersion = 12.4;
					};
				};
			};
			buildConfigurationList = ACF5E536263024F600DAE0A9 /* Build configuration list for PBXProject "Design-SwiftUI" */;
			compatibilityVersion = "Xcode 9.3";
			developmentRegion = en;
			hasScannedForEncodings = 0;
			knownRegions = (
				en,
				Base,
			);
			mainGroup = ACF5E532263024F600DAE0A9;
			productRefGroup = ACF5E53C263024F600DAE0A9 /* Products */;
			projectDirPath = "";
			projectRoot = "";
			targets = (
				ACF5E53A263024F600DAE0A9 /* Design-SwiftUI */,
			);
		};
/* End PBXProject section */

/* Begin PBXResourcesBuildPhase section */
		ACF5E539263024F600DAE0A9 /* Resources */ = {
			isa = PBXResourcesBuildPhase;
			buildActionMask = 2147483647;
			files = (
				ACF5E5502630251600DAE0A9 /* Assets.xcassets in Resources */,
				ACF5E546263024F800DAE0A9 /* Preview Assets.xcassets in Resources */,
			);
			runOnlyForDeploymentPostprocessing = 0;
		};
/* End PBXResourcesBuildPhase section */

/* Begin PBXSourcesBuildPhase section */
		ACF5E537263024F600DAE0A9 /* Sources */ = {
			isa = PBXSourcesBuildPhase;
			buildActionMask = 2147483647;
			files = (
				ACF5E541263024F600DAE0A9 /* ContentView.swift in Sources */,
				AC7F06792631BE28009693C4 /* MenuRow.swift in Sources */,
				AC7F06752631BD34009693C4 /* MenuView.swift in Sources */,
				AC7F067126317987009693C4 /* BottomCardView.swift in Sources */,
				AC7F066B2631682A009693C4 /* CardView.swift in Sources */,
				AC7F067D2631C8F5009693C4 /* HomeView.swift in Sources */,
				AC7F066E26316C94009693C4 /* NavigationView.swift in Sources */,
				AC7F06832631D490009693C4 /* AvatarView.swift in Sources */,
				ACF5E53F263024F600DAE0A9 /* Design_SwiftUIApp.swift in Sources */,
			);
			runOnlyForDeploymentPostprocessing = 0;
		};
/* End PBXSourcesBuildPhase section */

/* Begin XCBuildConfiguration section */
		ACF5E548263024F800DAE0A9 /* Debug */ = {
			isa = XCBuildConfiguration;
			buildSettings = {
				ALWAYS_SEARCH_USER_PATHS = NO;
				CLANG_ANALYZER_NONNULL = YES;
				CLANG_ANALYZER_NUMBER_OBJECT_CONVERSION = YES_AGGRESSIVE;
				CLANG_CXX_LANGUAGE_STANDARD = "gnu++14";
				CLANG_CXX_LIBRARY = "libc++";
				CLANG_ENABLE_MODULES = YES;
				CLANG_ENABLE_OBJC_ARC = YES;
				CLANG_ENABLE_OBJC_WEAK = YES;
				CLANG_WARN_BLOCK_CAPTURE_AUTORELEASING = YES;
				CLANG_WARN_BOOL_CONVERSION = YES;
				CLANG_WARN_COMMA = YES;
				CLANG_WARN_CONSTANT_CONVERSION = YES;
				CLANG_WARN_DEPRECATED_OBJC_IMPLEMENTATIONS = YES;
				CLANG_WARN_DIRECT_OBJC_ISA_USAGE = YES_ERROR;
				CLANG_WARN_DOCUMENTATION_COMMENTS = YES;
				CLANG_WARN_EMPTY_BODY = YES;
				CLANG_WARN_ENUM_CONVERSION = YES;
				CLANG_WARN_INFINITE_RECURSION = YES;
				CLANG_WARN_INT_CONVERSION = YES;
				CLANG_WARN_NON_LITERAL_NULL_CONVERSION = YES;
				CLANG_WARN_OBJC_IMPLICIT_RETAIN_SELF = YES;
				CLANG_WARN_OBJC_LITERAL_CONVERSION = YES;
				CLANG_WARN_OBJC_ROOT_CLASS = YES_ERROR;
				CLANG_WARN_QUOTED_INCLUDE_IN_FRAMEWORK_HEADER = YES;
				CLANG_WARN_RANGE_LOOP_ANALYSIS = YES;
				CLANG_WARN_STRICT_PROTOTYPES = YES;
				CLANG_WARN_SUSPICIOUS_MOVE = YES;
				CLANG_WARN_UNGUARDED_AVAILABILITY = YES_AGGRESSIVE;
				CLANG_WARN_UNREACHABLE_CODE = YES;
				CLANG_WARN__DUPLICATE_METHOD_MATCH = YES;
				COPY_PHASE_STRIP = NO;
				DEBUG_INFORMATION_FORMAT = dwarf;
				ENABLE_STRICT_OBJC_MSGSEND = YES;
				ENABLE_TESTABILITY = YES;
				GCC_C_LANGUAGE_STANDARD = gnu11;
				GCC_DYNAMIC_NO_PIC = NO;
				GCC_NO_COMMON_BLOCKS = YES;
				GCC_OPTIMIZATION_LEVEL = 0;
				GCC_PREPROCESSOR_DEFINITIONS = (
					"DEBUG=1",
					"$(inherited)",
				);
				GCC_WARN_64_TO_32_BIT_CONVERSION = YES;
				GCC_WARN_ABOUT_RETURN_TYPE = YES_ERROR;
				GCC_WARN_UNDECLARED_SELECTOR = YES;
				GCC_WARN_UNINITIALIZED_AUTOS = YES_AGGRESSIVE;
				GCC_WARN_UNUSED_FUNCTION = YES;
				GCC_WARN_UNUSED_VARIABLE = YES;
				IPHONEOS_DEPLOYMENT_TARGET = 14.4;
				MTL_ENABLE_DEBUG_INFO = INCLUDE_SOURCE;
				MTL_FAST_MATH = YES;
				ONLY_ACTIVE_ARCH = YES;
				SDKROOT = iphoneos;
				SWIFT_ACTIVE_COMPILATION_CONDITIONS = DEBUG;
				SWIFT_OPTIMIZATION_LEVEL = "-Onone";
			};
			name = Debug;
		};
		ACF5E549263024F800DAE0A9 /* Release */ = {
			isa = XCBuildConfiguration;
			buildSettings = {
				ALWAYS_SEARCH_USER_PATHS = NO;
				CLANG_ANALYZER_NONNULL = YES;
				CLANG_ANALYZER_NUMBER_OBJECT_CONVERSION = YES_AGGRESSIVE;
				CLANG_CXX_LANGUAGE_STANDARD = "gnu++14";
				CLANG_CXX_LIBRARY = "libc++";
				CLANG_ENABLE_MODULES = YES;
				CLANG_ENABLE_OBJC_ARC = YES;
				CLANG_ENABLE_OBJC_WEAK = YES;
				CLANG_WARN_BLOCK_CAPTURE_AUTORELEASING = YES;
				CLANG_WARN_BOOL_CONVERSION = YES;
				CLANG_WARN_COMMA = YES;
				CLANG_WARN_CONSTANT_CONVERSION = YES;
				CLANG_WARN_DEPRECATED_OBJC_IMPLEMENTATIONS = YES;
				CLANG_WARN_DIRECT_OBJC_ISA_USAGE = YES_ERROR;
				CLANG_WARN_DOCUMENTATION_COMMENTS = YES;
				CLANG_WARN_EMPTY_BODY = YES;
				CLANG_WARN_ENUM_CONVERSION = YES;
				CLANG_WARN_INFINITE_RECURSION = YES;
				CLANG_WARN_INT_CONVERSION = YES;
				CLANG_WARN_NON_LITERAL_NULL_CONVERSION = YES;
				CLANG_WARN_OBJC_IMPLICIT_RETAIN_SELF = YES;
				CLANG_WARN_OBJC_LITERAL_CONVERSION = YES;
				CLANG_WARN_OBJC_ROOT_CLASS = YES_ERROR;
				CLANG_WARN_QUOTED_INCLUDE_IN_FRAMEWORK_HEADER = YES;
				CLANG_WARN_RANGE_LOOP_ANALYSIS = YES;
				CLANG_WARN_STRICT_PROTOTYPES = YES;
				CLANG_WARN_SUSPICIOUS_MOVE = YES;
				CLANG_WARN_UNGUARDED_AVAILABILITY = YES_AGGRESSIVE;
				CLANG_WARN_UNREACHABLE_CODE = YES;
				CLANG_WARN__DUPLICATE_METHOD_MATCH = YES;
				COPY_PHASE_STRIP = NO;
				DEBUG_INFORMATION_FORMAT = "dwarf-with-dsym";
				ENABLE_NS_ASSERTIONS = NO;
				ENABLE_STRICT_OBJC_MSGSEND = YES;
				GCC_C_LANGUAGE_STANDARD = gnu11;
				GCC_NO_COMMON_BLOCKS = YES;
				GCC_WARN_64_TO_32_BIT_CONVERSION = YES;
				GCC_WARN_ABOUT_RETURN_TYPE = YES_ERROR;
				GCC_WARN_UNDECLARED_SELECTOR = YES;
				GCC_WARN_UNINITIALIZED_AUTOS = YES_AGGRESSIVE;
				GCC_WARN_UNUSED_FUNCTION = YES;
				GCC_WARN_UNUSED_VARIABLE = YES;
				IPHONEOS_DEPLOYMENT_TARGET = 14.4;
				MTL_ENABLE_DEBUG_INFO = NO;
				MTL_FAST_MATH = YES;
				SDKROOT = iphoneos;
				SWIFT_COMPILATION_MODE = wholemodule;
				SWIFT_OPTIMIZATION_LEVEL = "-O";
				VALIDATE_PRODUCT = YES;
			};
			name = Release;
		};
		ACF5E54B263024F800DAE0A9 /* Debug */ = {
			isa = XCBuildConfiguration;
			buildSettings = {
				ASSETCATALOG_COMPILER_APPICON_NAME = AppIcon;
				ASSETCATALOG_COMPILER_GLOBAL_ACCENT_COLOR_NAME = AccentColor;
				CODE_SIGN_STYLE = Automatic;
				DEVELOPMENT_ASSET_PATHS = "\"Design-SwiftUI/Preview Content\"";
				DEVELOPMENT_TEAM = R4XB56HC9M;
				ENABLE_PREVIEWS = YES;
				INFOPLIST_FILE = "Design-SwiftUI/Info.plist";
				IPHONEOS_DEPLOYMENT_TARGET = 14.0;
				LD_RUNPATH_SEARCH_PATHS = (
					"$(inherited)",
					"@executable_path/Frameworks",
				);
				PRODUCT_BUNDLE_IDENTIFIER = "iMaxiOS.Design-SwiftUI";
				PRODUCT_NAME = "$(TARGET_NAME)";
				SWIFT_VERSION = 5.0;
				TARGETED_DEVICE_FAMILY = "1,2";
			};
			name = Debug;
		};
		ACF5E54C263024F800DAE0A9 /* Release */ = {
			isa = XCBuildConfiguration;
			buildSettings = {
				ASSETCATALOG_COMPILER_APPICON_NAME = AppIcon;
				ASSETCATALOG_COMPILER_GLOBAL_ACCENT_COLOR_NAME = AccentColor;
				CODE_SIGN_STYLE = Automatic;
				DEVELOPMENT_ASSET_PATHS = "\"Design-SwiftUI/Preview Content\"";
				DEVELOPMENT_TEAM = R4XB56HC9M;
				ENABLE_PREVIEWS = YES;
				INFOPLIST_FILE = "Design-SwiftUI/Info.plist";
				IPHONEOS_DEPLOYMENT_TARGET = 14.0;
				LD_RUNPATH_SEARCH_PATHS = (
					"$(inherited)",
					"@executable_path/Frameworks",
				);
				PRODUCT_BUNDLE_IDENTIFIER = "iMaxiOS.Design-SwiftUI";
				PRODUCT_NAME = "$(TARGET_NAME)";
				SWIFT_VERSION = 5.0;
				TARGETED_DEVICE_FAMILY = "1,2";
			};
			name = Release;
		};
/* End XCBuildConfiguration section */

/* Begin XCConfigurationList section */
		ACF5E536263024F600DAE0A9 /* Build configuration list for PBXProject "Design-SwiftUI" */ = {
			isa = XCConfigurationList;
			buildConfigurations = (
				ACF5E548263024F800DAE0A9 /* Debug */,
				ACF5E549263024F800DAE0A9 /* Release */,
			);
			defaultConfigurationIsVisible = 0;
			defaultConfigurationName = Release;
		};
		ACF5E54A263024F800DAE0A9 /* Build configuration list for PBXNativeTarget "Design-SwiftUI" */ = {
			isa = XCConfigurationList;
			buildConfigurations = (
				ACF5E54B263024F800DAE0A9 /* Debug */,
				ACF5E54C263024F800DAE0A9 /* Release */,
			);
			defaultConfigurationIsVisible = 0;
			defaultConfigurationName = Release;
		};
/* End XCConfigurationList section */
	};
	rootObject = ACF5E533263024F600DAE0A9 /* Project object */;
}
